// !$*UTF8*$!
{
	archiveVersion = 1;
	classes = {
	};
	objectVersion = 46;
	objects = {

/* Begin PBXBuildFile section */
		A94988D41911F30900856CAF /* Foundation.framework in Frameworks */ = {isa = PBXBuildFile; fileRef = A94988D31911F30900856CAF /* Foundation.framework */; };
		A94988D61911F30900856CAF /* CoreGraphics.framework in Frameworks */ = {isa = PBXBuildFile; fileRef = A94988D51911F30900856CAF /* CoreGraphics.framework */; };
		A94988D81911F30900856CAF /* UIKit.framework in Frameworks */ = {isa = PBXBuildFile; fileRef = A94988D71911F30900856CAF /* UIKit.framework */; };
		A94988DE1911F30900856CAF /* InfoPlist.strings in Resources */ = {isa = PBXBuildFile; fileRef = A94988DC1911F30900856CAF /* InfoPlist.strings */; };
		A94988E01911F30900856CAF /* main.m in Sources */ = {isa = PBXBuildFile; fileRef = A94988DF1911F30900856CAF /* main.m */; };
		A94988E41911F30900856CAF /* AppDelegate.m in Sources */ = {isa = PBXBuildFile; fileRef = A94988E31911F30900856CAF /* AppDelegate.m */; };
		A94988E61911F30900856CAF /* Images.xcassets in Resources */ = {isa = PBXBuildFile; fileRef = A94988E51911F30900856CAF /* Images.xcassets */; };
		A94988ED1911F30900856CAF /* XCTest.framework in Frameworks */ = {isa = PBXBuildFile; fileRef = A94988EC1911F30900856CAF /* XCTest.framework */; };
		A94988EE1911F30900856CAF /* Foundation.framework in Frameworks */ = {isa = PBXBuildFile; fileRef = A94988D31911F30900856CAF /* Foundation.framework */; };
		A94988EF1911F30900856CAF /* UIKit.framework in Frameworks */ = {isa = PBXBuildFile; fileRef = A94988D71911F30900856CAF /* UIKit.framework */; };
		A94988F71911F30900856CAF /* InfoPlist.strings in Resources */ = {isa = PBXBuildFile; fileRef = A94988F51911F30900856CAF /* InfoPlist.strings */; };
		A94988F91911F30900856CAF /* CoExistOfScrollViewAndBackGestureTests.m in Sources */ = {isa = PBXBuildFile; fileRef = A94988F81911F30900856CAF /* CoExistOfScrollViewAndBackGestureTests.m */; };
/* End PBXBuildFile section */

/* Begin PBXContainerItemProxy section */
		A94988F01911F30900856CAF /* PBXContainerItemProxy */ = {
			isa = PBXContainerItemProxy;
			containerPortal = A94988C81911F30900856CAF /* Project object */;
			proxyType = 1;
			remoteGlobalIDString = A94988CF1911F30900856CAF;
			remoteInfo = CoExistOfScrollViewAndBackGesture;
		};
/* End PBXContainerItemProxy section */

/* Begin PBXFileReference section */
		A94988D01911F30900856CAF /* CoExistOfScrollViewAndBackGesture.app */ = {isa = PBXFileReference; explicitFileType = wrapper.application; includeInIndex = 0; path = CoExistOfScrollViewAndBackGesture.app; sourceTree = BUILT_PRODUCTS_DIR; };
		A94988D31911F30900856CAF /* Foundation.framework */ = {isa = PBXFileReference; lastKnownFileType = wrapper.framework; name = Foundation.framework; path = System/Library/Frameworks/Foundation.framework; sourceTree = SDKROOT; };
		A94988D51911F30900856CAF /* CoreGraphics.framework */ = {isa = PBXFileReference; lastKnownFileType = wrapper.framework; name = CoreGraphics.framework; path = System/Library/Frameworks/CoreGraphics.framework; sourceTree = SDKROOT; };
		A94988D71911F30900856CAF /* UIKit.framework */ = {isa = PBXFileReference; lastKnownFileType = wrapper.framework; name = UIKit.framework; path = System/Library/Frameworks/UIKit.framework; sourceTree = SDKROOT; };
		A94988DB1911F30900856CAF /* CoExistOfScrollViewAndBackGesture-Info.plist */ = {isa = PBXFileReference; lastKnownFileType = text.plist.xml; path = "CoExistOfScrollViewAndBackGesture-Info.plist"; sourceTree = "<group>"; };
		A94988DD1911F30900856CAF /* en */ = {isa = PBXFileReference; lastKnownFileType = text.plist.strings; name = en; path = en.lproj/InfoPlist.strings; sourceTree = "<group>"; };
		A94988DF1911F30900856CAF /* main.m */ = {isa = PBXFileReference; lastKnownFileType = sourcecode.c.objc; path = main.m; sourceTree = "<group>"; };
		A94988E11911F30900856CAF /* CoExistOfScrollViewAndBackGesture-Prefix.pch */ = {isa = PBXFileReference; lastKnownFileType = sourcecode.c.h; path = "CoExistOfScrollViewAndBackGesture-Prefix.pch"; sourceTree = "<group>"; };
		A94988E21911F30900856CAF /* AppDelegate.h */ = {isa = PBXFileReference; lastKnownFileType = sourcecode.c.h; path = AppDelegate.h; sourceTree = "<group>"; };
		A94988E31911F30900856CAF /* AppDelegate.m */ = {isa = PBXFileReference; lastKnownFileType = sourcecode.c.objc; path = AppDelegate.m; sourceTree = "<group>"; };
		A94988E51911F30900856CAF /* Images.xcassets */ = {isa = PBXFileReference; lastKnownFileType = folder.assetcatalog; path = Images.xcassets; sourceTree = "<group>"; };
		A94988EB1911F30900856CAF /* CoExistOfScrollViewAndBackGestureTests.xctest */ = {isa = PBXFileReference; explicitFileType = wrapper.cfbundle; includeInIndex = 0; path = CoExistOfScrollViewAndBackGestureTests.xctest; sourceTree = BUILT_PRODUCTS_DIR; };
		A94988EC1911F30900856CAF /* XCTest.framework */ = {isa = PBXFileReference; lastKnownFileType = wrapper.framework; name = XCTest.framework; path = Library/Frameworks/XCTest.framework; sourceTree = DEVELOPER_DIR; };
		A94988F41911F30900856CAF /* CoExistOfScrollViewAndBackGestureTests-Info.plist */ = {isa = PBXFileReference; lastKnownFileType = text.plist.xml; path = "CoExistOfScrollViewAndBackGestureTests-Info.plist"; sourceTree = "<group>"; };
		A94988F61911F30900856CAF /* en */ = {isa = PBXFileReference; lastKnownFileType = text.plist.strings; name = en; path = en.lproj/InfoPlist.strings; sourceTree = "<group>"; };
		A94988F81911F30900856CAF /* CoExistOfScrollViewAndBackGestureTests.m */ = {isa = PBXFileReference; lastKnownFileType = sourcecode.c.objc; path = CoExistOfScrollViewAndBackGestureTests.m; sourceTree = "<group>"; };
/* End PBXFileReference section */

/* Begin PBXFrameworksBuildPhase section */
		A94988CD1911F30900856CAF /* Frameworks */ = {
			isa = PBXFrameworksBuildPhase;
			buildActionMask = 2147483647;
			files = (
				A94988D61911F30900856CAF /* CoreGraphics.framework in Frameworks */,
				A94988D81911F30900856CAF /* UIKit.framework in Frameworks */,
				A94988D41911F30900856CAF /* Foundation.framework in Frameworks */,
			);
			runOnlyForDeploymentPostprocessing = 0;
		};
		A94988E81911F30900856CAF /* Frameworks */ = {
			isa = PBXFrameworksBuildPhase;
			buildActionMask = 2147483647;
			files = (
				A94988ED1911F30900856CAF /* XCTest.framework in Frameworks */,
				A94988EF1911F30900856CAF /* UIKit.framework in Frameworks */,
				A94988EE1911F30900856CAF /* Foundation.framework in Frameworks */,
			);
			runOnlyForDeploymentPostprocessing = 0;
		};
/* End PBXFrameworksBuildPhase section */

/* Begin PBXGroup section */
		A94988C71911F30900856CAF = {
			isa = PBXGroup;
			children = (
				A94988D91911F30900856CAF /* CoExistOfScrollViewAndBackGesture */,
				A94988F21911F30900856CAF /* CoExistOfScrollViewAndBackGestureTests */,
				A94988D21911F30900856CAF /* Frameworks */,
				A94988D11911F30900856CAF /* Products */,
			);
			sourceTree = "<group>";
		};
		A94988D11911F30900856CAF /* Products */ = {
			isa = PBXGroup;
			children = (
				A94988D01911F30900856CAF /* CoExistOfScrollViewAndBackGesture.app */,
				A94988EB1911F30900856CAF /* CoExistOfScrollViewAndBackGestureTests.xctest */,
			);
			name = Products;
			sourceTree = "<group>";
		};
		A94988D21911F30900856CAF /* Frameworks */ = {
			isa = PBXGroup;
			children = (
				A94988D31911F30900856CAF /* Foundation.framework */,
				A94988D51911F30900856CAF /* CoreGraphics.framework */,
				A94988D71911F30900856CAF /* UIKit.framework */,
				A94988EC1911F30900856CAF /* XCTest.framework */,
			);
			name = Frameworks;
			sourceTree = "<group>";
		};
		A94988D91911F30900856CAF /* CoExistOfScrollViewAndBackGesture */ = {
			isa = PBXGroup;
			children = (
				A94988E21911F30900856CAF /* AppDelegate.h */,
				A94988E31911F30900856CAF /* AppDelegate.m */,
				A94988E51911F30900856CAF /* Images.xcassets */,
				A94988DA1911F30900856CAF /* Supporting Files */,
			);
			path = CoExistOfScrollViewAndBackGesture;
			sourceTree = "<group>";
		};
		A94988DA1911F30900856CAF /* Supporting Files */ = {
			isa = PBXGroup;
			children = (
				A94988DB1911F30900856CAF /* CoExistOfScrollViewAndBackGesture-Info.plist */,
				A94988DC1911F30900856CAF /* InfoPlist.strings */,
				A94988DF1911F30900856CAF /* main.m */,
				A94988E11911F30900856CAF /* CoExistOfScrollViewAndBackGesture-Prefix.pch */,
			);
			name = "Supporting Files";
			sourceTree = "<group>";
		};
		A94988F21911F30900856CAF /* CoExistOfScrollViewAndBackGestureTests */ = {
			isa = PBXGroup;
			children = (
				A94988F81911F30900856CAF /* CoExistOfScrollViewAndBackGestureTests.m */,
				A94988F31911F30900856CAF /* Supporting Files */,
			);
			path = CoExistOfScrollViewAndBackGestureTests;
			sourceTree = "<group>";
		};
		A94988F31911F30900856CAF /* Supporting Files */ = {
			isa = PBXGroup;
			children = (
				A94988F41911F30900856CAF /* CoExistOfScrollViewAndBackGestureTests-Info.plist */,
				A94988F51911F30900856CAF /* InfoPlist.strings */,
			);
			name = "Supporting Files";
			sourceTree = "<group>";
		};
/* End PBXGroup section */

/* Begin PBXNativeTarget section */
		A94988CF1911F30900856CAF /* CoExistOfScrollViewAndBackGesture */ = {
			isa = PBXNativeTarget;
			buildConfigurationList = A94988FC1911F30900856CAF /* Build configuration list for PBXNativeTarget "CoExistOfScrollViewAndBackGesture" */;
			buildPhases = (
				A94988CC1911F30900856CAF /* Sources */,
				A94988CD1911F30900856CAF /* Frameworks */,
				A94988CE1911F30900856CAF /* Resources */,
			);
			buildRules = (
			);
			dependencies = (
			);
			name = CoExistOfScrollViewAndBackGesture;
			productName = CoExistOfScrollViewAndBackGesture;
			productReference = A94988D01911F30900856CAF /* CoExistOfScrollViewAndBackGesture.app */;
			productType = "com.apple.product-type.application";
		};
		A94988EA1911F30900856CAF /* CoExistOfScrollViewAndBackGestureTests */ = {
			isa = PBXNativeTarget;
			buildConfigurationList = A94988FF1911F30900856CAF /* Build configuration list for PBXNativeTarget "CoExistOfScrollViewAndBackGestureTests" */;
			buildPhases = (
				A94988E71911F30900856CAF /* Sources */,
				A94988E81911F30900856CAF /* Frameworks */,
				A94988E91911F30900856CAF /* Resources */,
			);
			buildRules = (
			);
			dependencies = (
				A94988F11911F30900856CAF /* PBXTargetDependency */,
			);
			name = CoExistOfScrollViewAndBackGestureTests;
			productName = CoExistOfScrollViewAndBackGestureTests;
			productReference = A94988EB1911F30900856CAF /* CoExistOfScrollViewAndBackGestureTests.xctest */;
			productType = "com.apple.product-type.bundle.unit-test";
		};
/* End PBXNativeTarget section */

/* Begin PBXProject section */
		A94988C81911F30900856CAF /* Project object */ = {
			isa = PBXProject;
			attributes = {
				LastUpgradeCheck = 0510;
				ORGANIZATIONNAME = Lxy;
				TargetAttributes = {
					A94988EA1911F30900856CAF = {
						TestTargetID = A94988CF1911F30900856CAF;
					};
				};
			};
			buildConfigurationList = A94988CB1911F30900856CAF /* Build configuration list for PBXProject "CoExistOfScrollViewAndBackGesture" */;
			compatibilityVersion = "Xcode 3.2";
			developmentRegion = English;
			hasScannedForEncodings = 0;
			knownRegions = (
				en,
			);
			mainGroup = A94988C71911F30900856CAF;
			productRefGroup = A94988D11911F30900856CAF /* Products */;
			projectDirPath = "";
			projectRoot = "";
			targets = (
				A94988CF1911F30900856CAF /* CoExistOfScrollViewAndBackGesture */,
				A94988EA1911F30900856CAF /* CoExistOfScrollViewAndBackGestureTests */,
			);
		};
/* End PBXProject section */

/* Begin PBXResourcesBuildPhase section */
		A94988CE1911F30900856CAF /* Resources */ = {
			isa = PBXResourcesBuildPhase;
			buildActionMask = 2147483647;
			files = (
				A94988DE1911F30900856CAF /* InfoPlist.strings in Resources */,
				A94988E61911F30900856CAF /* Images.xcassets in Resources */,
			);
			runOnlyForDeploymentPostprocessing = 0;
		};
		A94988E91911F30900856CAF /* Resources */ = {
			isa = PBXResourcesBuildPhase;
			buildActionMask = 2147483647;
			files = (
				A94988F71911F30900856CAF /* InfoPlist.strings in Resources */,
			);
			runOnlyForDeploymentPostprocessing = 0;
		};
/* End PBXResourcesBuildPhase section */

/* Begin PBXSourcesBuildPhase section */
		A94988CC1911F30900856CAF /* Sources */ = {
			isa = PBXSourcesBuildPhase;
			buildActionMask = 2147483647;
			files = (
				A94988E41911F30900856CAF /* AppDelegate.m in Sources */,
				A94988E01911F30900856CAF /* main.m in Sources */,
			);
			runOnlyForDeploymentPostprocessing = 0;
		};
		A94988E71911F30900856CAF /* Sources */ = {
			isa = PBXSourcesBuildPhase;
			buildActionMask = 2147483647;
			files = (
				A94988F91911F30900856CAF /* CoExistOfScrollViewAndBackGestureTests.m in Sources */,
			);
			runOnlyForDeploymentPostprocessing = 0;
		};
/* End PBXSourcesBuildPhase section */

/* Begin PBXTargetDependency section */
		A94988F11911F30900856CAF /* PBXTargetDependency */ = {
			isa = PBXTargetDependency;
			target = A94988CF1911F30900856CAF /* CoExistOfScrollViewAndBackGesture */;
			targetProxy = A94988F01911F30900856CAF /* PBXContainerItemProxy */;
		};
/* End PBXTargetDependency section */

/* Begin PBXVariantGroup section */
		A94988DC1911F30900856CAF /* InfoPlist.strings */ = {
			isa = PBXVariantGroup;
			children = (
				A94988DD1911F30900856CAF /* en */,
			);
			name = InfoPlist.strings;
			sourceTree = "<group>";
		};
		A94988F51911F30900856CAF /* InfoPlist.strings */ = {
			isa = PBXVariantGroup;
			children = (
				A94988F61911F30900856CAF /* en */,
			);
			name = InfoPlist.strings;
			sourceTree = "<group>";
		};
/* End PBXVariantGroup section */

/* Begin XCBuildConfiguration section */
		A94988FA1911F30900856CAF /* Debug */ = {
			isa = XCBuildConfiguration;
			buildSettings = {
				ALWAYS_SEARCH_USER_PATHS = NO;
				CLANG_CXX_LANGUAGE_STANDARD = "gnu++0x";
				CLANG_CXX_LIBRARY = "libc++";
				CLANG_ENABLE_MODULES = YES;
				CLANG_ENABLE_OBJC_ARC = YES;
				CLANG_WARN_BOOL_CONVERSION = YES;
				CLANG_WARN_CONSTANT_CONVERSION = YES;
				CLANG_WARN_DIRECT_OBJC_ISA_USAGE = YES_ERROR;
				CLANG_WARN_EMPTY_BODY = YES;
				CLANG_WARN_ENUM_CONVERSION = YES;
				CLANG_WARN_INT_CONVERSION = YES;
				CLANG_WARN_OBJC_ROOT_CLASS = YES_ERROR;
				CLANG_WARN__DUPLICATE_METHOD_MATCH = YES;
				"CODE_SIGN_IDENTITY[sdk=iphoneos*]" = "iPhone Developer";
				COPY_PHASE_STRIP = NO;
				GCC_C_LANGUAGE_STANDARD = gnu99;
				GCC_DYNAMIC_NO_PIC = NO;
				GCC_OPTIMIZATION_LEVEL = 0;
				GCC_PREPROCESSOR_DEFINITIONS = (
					"DEBUG=1",
					"$(inherited)",
				);
				GCC_SYMBOLS_PRIVATE_EXTERN = NO;
				GCC_WARN_64_TO_32_BIT_CONVERSION = YES;
				GCC_WARN_ABOUT_RETURN_TYPE = YES_ERROR;
				GCC_WARN_UNDECLARED_SELECTOR = YES;
				GCC_WARN_UNINITIALIZED_AUTOS = YES_AGGRESSIVE;
				GCC_WARN_UNUSED_FUNCTION = YES;
				GCC_WARN_UNUSED_VARIABLE = YES;
				IPHONEOS_DEPLOYMENT_TARGET = 7.1;
				ONLY_ACTIVE_ARCH = YES;
				SDKROOT = iphoneos;
				TARGETED_DEVICE_FAMILY = "1,2";
			};
			name = Debug;
		};
		A94988FB1911F30900856CAF /* Release */ = {
			isa = XCBuildConfiguration;
			buildSettings = {
				ALWAYS_SEARCH_USER_PATHS = NO;
				CLANG_CXX_LANGUAGE_STANDARD = "gnu++0x";
				CLANG_CXX_LIBRARY = "libc++";
				CLANG_ENABLE_MODULES = YES;
				CLANG_ENABLE_OBJC_ARC = YES;
				CLANG_WARN_BOOL_CONVERSION = YES;
				CLANG_WARN_CONSTANT_CONVERSION = YES;
				CLANG_WARN_DIRECT_OBJC_ISA_USAGE = YES_ERROR;
				CLANG_WARN_EMPTY_BODY = YES;
				CLANG_WARN_ENUM_CONVERSION = YES;
				CLANG_WARN_INT_CONVERSION = YES;
				CLANG_WARN_OBJC_ROOT_CLASS = YES_ERROR;
				CLANG_WARN__DUPLICATE_METHOD_MATCH = YES;
				"CODE_SIGN_IDENTITY[sdk=iphoneos*]" = "iPhone Developer";
				COPY_PHASE_STRIP = YES;
				ENABLE_NS_ASSERTIONS = NO;
				GCC_C_LANGUAGE_STANDARD = gnu99;
				GCC_WARN_64_TO_32_BIT_CONVERSION = YES;
				GCC_WARN_ABOUT_RETURN_TYPE = YES_ERROR;
				GCC_WARN_UNDECLARED_SELECTOR = YES;
				GCC_WARN_UNINITIALIZED_AUTOS = YES_AGGRESSIVE;
				GCC_WARN_UNUSED_FUNCTION = YES;
				GCC_WARN_UNUSED_VARIABLE = YES;
				IPHONEOS_DEPLOYMENT_TARGET = 7.1;
				SDKROOT = iphoneos;
				TARGETED_DEVICE_FAMILY = "1,2";
				VALIDATE_PRODUCT = YES;
			};
			name = Release;
		};
		A94988FD1911F30900856CAF /* Debug */ = {
			isa = XCBuildConfiguration;
			buildSettings = {
				ASSETCATALOG_COMPILER_APPICON_NAME = AppIcon;
				ASSETCATALOG_COMPILER_LAUNCHIMAGE_NAME = LaunchImage;
				GCC_PRECOMPILE_PREFIX_HEADER = YES;
				GCC_PREFIX_HEADER = "CoExistOfScrollViewAndBackGesture/CoExistOfScrollViewAndBackGesture-Prefix.pch";
				INFOPLIST_FILE = "CoExistOfScrollViewAndBackGesture/CoExistOfScrollViewAndBackGesture-Info.plist";
				PRODUCT_NAME = "$(TARGET_NAME)";
				WRAPPER_EXTENSION = app;
			};
			name = Debug;
		};
		A94988FE1911F30900856CAF /* Release */ = {
			isa = XCBuildConfiguration;
			buildSettings = {
				ASSETCATALOG_COMPILER_APPICON_NAME = AppIcon;
				ASSETCATALOG_COMPILER_LAUNCHIMAGE_NAME = LaunchImage;
				GCC_PRECOMPILE_PREFIX_HEADER = YES;
				GCC_PREFIX_HEADER = "CoExistOfScrollViewAndBackGesture/CoExistOfScrollViewAndBackGesture-Prefix.pch";
				INFOPLIST_FILE = "CoExistOfScrollViewAndBackGesture/CoExistOfScrollViewAndBackGesture-Info.plist";
				PRODUCT_NAME = "$(TARGET_NAME)";
				WRAPPER_EXTENSION = app;
			};
			name = Release;
		};
		A94989001911F30900856CAF /* Debug */ = {
			isa = XCBuildConfiguration;
			buildSettings = {
				BUNDLE_LOADER = "$(BUILT_PRODUCTS_DIR)/CoExistOfScrollViewAndBackGesture.app/CoExistOfScrollViewAndBackGesture";
				FRAMEWORK_SEARCH_PATHS = (
					"$(SDKROOT)/Developer/Library/Frameworks",
					"$(inherited)",
					"$(DEVELOPER_FRAMEWORKS_DIR)",
				);
				GCC_PRECOMPILE_PREFIX_HEADER = YES;
				GCC_PREFIX_HEADER = "CoExistOfScrollViewAndBackGesture/CoExistOfScrollViewAndBackGesture-Prefix.pch";
				GCC_PREPROCESSOR_DEFINITIONS = (
					"DEBUG=1",
					"$(inherited)",
				);
				INFOPLIST_FILE = "CoExistOfScrollViewAndBackGestureTests/CoExistOfScrollViewAndBackGestureTests-Info.plist";
				PRODUCT_NAME = "$(TARGET_NAME)";
				TEST_HOST = "$(BUNDLE_LOADER)";
				WRAPPER_EXTENSION = xctest;
			};
			name = Debug;
		};
		A94989011911F30900856CAF /* Release */ = {
			isa = XCBuildConfiguration;
			buildSettings = {
				BUNDLE_LOADER = "$(BUILT_PRODUCTS_DIR)/CoExistOfScrollViewAndBackGesture.app/CoExistOfScrollViewAndBackGesture";
				FRAMEWORK_SEARCH_PATHS = (
					"$(SDKROOT)/Developer/Library/Frameworks",
					"$(inherited)",
					"$(DEVELOPER_FRAMEWORKS_DIR)",
				);
				GCC_PRECOMPILE_PREFIX_HEADER = YES;
				GCC_PREFIX_HEADER = "CoExistOfScrollViewAndBackGesture/CoExistOfScrollViewAndBackGesture-Prefix.pch";
				INFOPLIST_FILE = "CoExistOfScrollViewAndBackGestureTests/CoExistOfScrollViewAndBackGestureTests-Info.plist";
				PRODUCT_NAME = "$(TARGET_NAME)";
				TEST_HOST = "$(BUNDLE_LOADER)";
				WRAPPER_EXTENSION = xctest;
			};
			name = Release;
		};
/* End XCBuildConfiguration section */

/* Begin XCConfigurationList section */
		A94988CB1911F30900856CAF /* Build configuration list for PBXProject "CoExistOfScrollViewAndBackGesture" */ = {
			isa = XCConfigurationList;
			buildConfigurations = (
				A94988FA1911F30900856CAF /* Debug */,
				A94988FB1911F30900856CAF /* Release */,
			);
			defaultConfigurationIsVisible = 0;
			defaultConfigurationName = Release;
		};
		A94988FC1911F30900856CAF /* Build configuration list for PBXNativeTarget "CoExistOfScrollViewAndBackGesture" */ = {
			isa = XCConfigurationList;
			buildConfigurations = (
				A94988FD1911F30900856CAF /* Debug */,
				A94988FE1911F30900856CAF /* Release */,
			);
			defaultConfigurationIsVisible = 0;
		};
		A94988FF1911F30900856CAF /* Build configuration list for PBXNativeTarget "CoExistOfScrollViewAndBackGestureTests" */ = {
			isa = XCConfigurationList;
			buildConfigurations = (
				A94989001911F30900856CAF /* Debug */,
				A94989011911F30900856CAF /* Release */,
			);
			defaultConfigurationIsVisible = 0;
		};
/* End XCConfigurationList section */
	};
	rootObject = A94988C81911F30900856CAF /* Project object */;
}
